
Microsoft Visual Studio Solution File, Format Version 12.00
# Visual Studio Version 17
VisualStudioVersion = 17.3.32811.315
MinimumVisualStudioVersion = 10.0.40219.1
Project("{FAE04EC0-301F-11D3-BF4B-00C04F79EFBC}") = "WebApplication1", "WebApplication1.csproj", "{6A3271F3-5FD6-4B20-9766-39979D36B6DB}"
EndProject
Global
	GlobalSection(SolutionConfigurationPlatforms) = preSolution
		Debug|Any CPU = Debug|Any CPU
		Release|Any CPU = Release|Any CPU
	EndGlobalSection
	GlobalSection(ProjectConfigurationPlatforms) = postSolution
		{6A3271F3-5FD6-4B20-9766-39979D36B6DB}.Debug|Any CPU.ActiveCfg = Debug|Any CPU
		{6A3271F3-5FD6-4B20-9766-39979D36B6DB}.Debug|Any CPU.Build.0 = Debug|Any CPU
		{6A3271F3-5FD6-4B20-9766-39979D36B6DB}.Release|Any CPU.ActiveCfg = Release|Any CPU
		{6A3271F3-5FD6-4B20-9766-39979D36B6DB}.Release|Any CPU.Build.0 = Release|Any CPU
	EndGlobalSection
	GlobalSection(SolutionProperties) = preSolution
		HideSolutionNode = FALSE
	EndGlobalSection
	GlobalSection(ExtensibilityGlobals) = postSolution
		SolutionGuid = {7AC689AD-1C51-48B5-B1E2-B8C73AFECB3F}
	EndGlobalSection
EndGlobal
